{
  "requires": true,
  "lockfileVersion": 1,
  "dependencies": {
    "vanilla-tilt": {
      "version": "1.7.1",
      "resolved": "https://registry.npmjs.org/vanilla-tilt/-/vanilla-tilt-1.7.1.tgz",
      "integrity": "sha512-S3qZcTqMEVthgdnxhOW1BDcXJ0kCzrhF/zQYPTwtRMeETn9DW3BEvQrfAMsMN02mi3TMytWR+ODuNrcfO7OGWw=="
    }
  }
}
